
Microsoft Visual Studio Solution File, Format Version 12.00
# Visual Studio 14
VisualStudioVersion = 14.0.25123.0
MinimumVisualStudioVersion = 10.0.40219.1
Project("{FAE04EC0-301F-11D3-BF4B-00C04F79EFBC}") = "Entidades", "Entidades\Entidades.csproj", "{32B09D1E-DC51-4167-99B7-6D5EA97B0162}"
EndProject
Project("{FAE04EC0-301F-11D3-BF4B-00C04F79EFBC}") = "Logica", "Logica\Logica.csproj", "{1E403E27-66A2-4C7F-BE68-1B0F414A78B5}"
EndProject
Project("{FAE04EC0-301F-11D3-BF4B-00C04F79EFBC}") = "WindowsBiblioteca", "WindowsBiblioteca\WindowsBiblioteca.csproj", "{7C867DF5-5B82-403C-9E72-C21F24A1F5E8}"
EndProject
Project("{FAE04EC0-301F-11D3-BF4B-00C04F79EFBC}") = "Datos", "Datos\Datos.csproj", "{F2DBB82F-6F97-46D4-9D50-DA732FAB1958}"
EndProject
Global
	GlobalSection(SolutionConfigurationPlatforms) = preSolution
		Debug|Any CPU = Debug|Any CPU
		Release|Any CPU = Release|Any CPU
	EndGlobalSection
	GlobalSection(ProjectConfigurationPlatforms) = postSolution
		{32B09D1E-DC51-4167-99B7-6D5EA97B0162}.Debug|Any CPU.ActiveCfg = Debug|Any CPU
		{32B09D1E-DC51-4167-99B7-6D5EA97B0162}.Debug|Any CPU.Build.0 = Debug|Any CPU
		{32B09D1E-DC51-4167-99B7-6D5EA97B0162}.Release|Any CPU.ActiveCfg = Release|Any CPU
		{32B09D1E-DC51-4167-99B7-6D5EA97B0162}.Release|Any CPU.Build.0 = Release|Any CPU
		{1E403E27-66A2-4C7F-BE68-1B0F414A78B5}.Debug|Any CPU.ActiveCfg = Debug|Any CPU
		{1E403E27-66A2-4C7F-BE68-1B0F414A78B5}.Debug|Any CPU.Build.0 = Debug|Any CPU
		{1E403E27-66A2-4C7F-BE68-1B0F414A78B5}.Release|Any CPU.ActiveCfg = Release|Any CPU
		{1E403E27-66A2-4C7F-BE68-1B0F414A78B5}.Release|Any CPU.Build.0 = Release|Any CPU
		{7C867DF5-5B82-403C-9E72-C21F24A1F5E8}.Debug|Any CPU.ActiveCfg = Debug|Any CPU
		{7C867DF5-5B82-403C-9E72-C21F24A1F5E8}.Debug|Any CPU.Build.0 = Debug|Any CPU
		{7C867DF5-5B82-403C-9E72-C21F24A1F5E8}.Release|Any CPU.ActiveCfg = Release|Any CPU
		{7C867DF5-5B82-403C-9E72-C21F24A1F5E8}.Release|Any CPU.Build.0 = Release|Any CPU
		{F2DBB82F-6F97-46D4-9D50-DA732FAB1958}.Debug|Any CPU.ActiveCfg = Debug|Any CPU
		{F2DBB82F-6F97-46D4-9D50-DA732FAB1958}.Debug|Any CPU.Build.0 = Debug|Any CPU
		{F2DBB82F-6F97-46D4-9D50-DA732FAB1958}.Release|Any CPU.ActiveCfg = Release|Any CPU
		{F2DBB82F-6F97-46D4-9D50-DA732FAB1958}.Release|Any CPU.Build.0 = Release|Any CPU
	EndGlobalSection
	GlobalSection(SolutionProperties) = preSolution
		HideSolutionNode = FALSE
	EndGlobalSection
EndGlobal
